
Microsoft Visual Studio Solution File, Format Version 12.00
# Visual Studio Version 17
VisualStudioVersion = 17.9.34622.214
MinimumVisualStudioVersion = 10.0.40219.1
Project("{9A19103F-16F7-4668-BE54-9A1E7A4F7556}") = "dotnetcoresample", "dotnetcoresample.csproj", "{A0580CE6-BEA6-402D-BCDE-548EA8325332}"
EndProject
Global
	GlobalSection(SolutionConfigurationPlatforms) = preSolution
		Debug|Any CPU = Debug|Any CPU
		Release|Any CPU = Release|Any CPU
	EndGlobalSection
	GlobalSection(ProjectConfigurationPlatforms) = postSolution
		{A0580CE6-BEA6-402D-BCDE-548EA8325332}.Debug|Any CPU.ActiveCfg = Debug|Any CPU
		{A0580CE6-BEA6-402D-BCDE-548EA8325332}.Debug|Any CPU.Build.0 = Debug|Any CPU
		{A0580CE6-BEA6-402D-BCDE-548EA8325332}.Release|Any CPU.ActiveCfg = Release|Any CPU
		{A0580CE6-BEA6-402D-BCDE-548EA8325332}.Release|Any CPU.Build.0 = Release|Any CPU
	EndGlobalSection
	GlobalSection(SolutionProperties) = preSolution
		HideSolutionNode = FALSE
	EndGlobalSection
	GlobalSection(ExtensibilityGlobals) = postSolution
		SolutionGuid = {8A28957C-5FDF-4A48-A36F-47919C4EF794}
	EndGlobalSection
EndGlobal
